
Microsoft Visual Studio Solution File, Format Version 12.00
# Visual Studio Version 17
VisualStudioVersion = 17.14.36603.0 d17.14
MinimumVisualStudioVersion = 10.0.40219.1
Project("{FAE04EC0-301F-11D3-BF4B-00C04F79EFBC}") = "Listas", "Listas\Listas.csproj", "{47E9D61E-735F-4E88-B815-29B04234FA15}"
EndProject
Global
	GlobalSection(SolutionConfigurationPlatforms) = preSolution
		Debug|Any CPU = Debug|Any CPU
		Release|Any CPU = Release|Any CPU
	EndGlobalSection
	GlobalSection(ProjectConfigurationPlatforms) = postSolution
		{47E9D61E-735F-4E88-B815-29B04234FA15}.Debug|Any CPU.ActiveCfg = Debug|Any CPU
		{47E9D61E-735F-4E88-B815-29B04234FA15}.Debug|Any CPU.Build.0 = Debug|Any CPU
		{47E9D61E-735F-4E88-B815-29B04234FA15}.Release|Any CPU.ActiveCfg = Release|Any CPU
		{47E9D61E-735F-4E88-B815-29B04234FA15}.Release|Any CPU.Build.0 = Release|Any CPU
	EndGlobalSection
	GlobalSection(SolutionProperties) = preSolution
		HideSolutionNode = FALSE
	EndGlobalSection
	GlobalSection(ExtensibilityGlobals) = postSolution
		SolutionGuid = {97DDB2D8-8C81-45D4-931A-CEACA854B1CA}
	EndGlobalSection
EndGlobal
